PODS:
  - Nimble (7.0.3)
  - Quick (1.2.0)
  - UIActionKit (0.1.0)

DEPENDENCIES:
  - Nimble (~> 7.0.2)
  - Quick (~> 1.2.0)
  - UIActionKit (from `../`)

EXTERNAL SOURCES:
  UIActionKit:
    :path: ../

SPEC CHECKSUMS:
  Nimble: 7f5a9c447a33002645a071bddafbfb24ea70e0ac
  Quick: 58d203b1c5e27fff7229c4c1ae445ad7069a7a08
  UIActionKit: f695c1e570e5d1b999fd75d71dd3e9a9d9e10150

PODFILE CHECKSUM: 5312ebf4a752d52d59a680303c9cbdad6cdc5a50

COCOAPODS: 1.4.0
